github.com/wowchemy/wowchemy-hugo-modules/wowchemy-cms/v5 v5.0.0-20210807122904-437c4f0fdebc h1:GosfAsPlxdNYBL1kKTeyJDAFG9F39Jrco4zKApwReIg=
github.com/wowchemy/wowchemy-hugo-modules/wowchemy-cms/v5 v5.0.0-20210807122904-437c4f0fdebc/go.mod h1:Sp/AKo+2HAPi/IPHp1MEdKPmee+mzO5+efUBUPLPqPE=
github.com/wowchemy/wowchemy-hugo-modules/wowchemy/v5 v5.0.0-20210807122904-437c4f0fdebc h1:OBeqobizXiXNUVLhIit6P6byIc9uNoISKRxCWRIQRBs=
github.com/wowchemy/wowchemy-hugo-modules/wowchemy/v5 v5.0.0-20210807122904-437c4f0fdebc/go.mod h1:2iL9rdrUYyJXX2BeHKfK+QbqZlubCsaR60nQ87NRQTY=
