github.com/wowchemy/wowchemy-hugo-modules/wowchemy v0.0.0-20210222201122-0c48d88d80c0 h1:bO5466/0c5Y3W2yhNmIMTSkokCcYf+Ka24QcsaqNdWk=
github.com/wowchemy/wowchemy-hugo-modules/wowchemy v0.0.0-20210222201122-0c48d88d80c0/go.mod h1:H22qfH9qj3FWwsk7+bAZpmT24yRGNQURah2/IRwjbn8=
github.com/wowchemy/wowchemy-hugo-modules/wowchemy-cms v0.0.0-20210210082528-c36f3b7878d9 h1:9nMe901jyGqoR+NPxGSGICt56x8D+ON2SuZTpLDFfnI=
github.com/wowchemy/wowchemy-hugo-modules/wowchemy-cms v0.0.0-20210210082528-c36f3b7878d9/go.mod h1:AKpYbqUVlj0VYsc7Jsxe1o8Ko2yV31A5ZPdfpACcXJw=
