github.com/wowchemy/wowchemy-hugo-modules/wowchemy-cms/v5 v5.0.0-20211218114228-e23e23e84760 h1:FGJSdq8Rqir2TfPSV2ca6KoCdnw8mzGC58ddA+b68I8=
github.com/wowchemy/wowchemy-hugo-modules/wowchemy-cms/v5 v5.0.0-20211218114228-e23e23e84760/go.mod h1:Sp/AKo+2HAPi/IPHp1MEdKPmee+mzO5+efUBUPLPqPE=
github.com/wowchemy/wowchemy-hugo-modules/wowchemy/v5 v5.0.0-20211218114228-e23e23e84760 h1:h++yC+okyOgPwLyMYS8cVIdyNowmh7INNLcB9Z1pJfg=
github.com/wowchemy/wowchemy-hugo-modules/wowchemy/v5 v5.0.0-20211218114228-e23e23e84760/go.mod h1:2iL9rdrUYyJXX2BeHKfK+QbqZlubCsaR60nQ87NRQTY=
